
Microsoft Visual Studio Solution File, Format Version 12.00
# Visual Studio 15
VisualStudioVersion = 15.0.27703.2047
MinimumVisualStudioVersion = 10.0.40219.1
Project("{FAE04EC0-301F-11D3-BF4B-00C04F79EFBC}") = "PHuffProgram5", "PHuffProgram5.csproj", "{D1509D6E-D1F6-4F00-9975-D3BBB06AF4DE}"
EndProject
Global
	GlobalSection(SolutionConfigurationPlatforms) = preSolution
		Debug|Any CPU = Debug|Any CPU
		Release|Any CPU = Release|Any CPU
	EndGlobalSection
	GlobalSection(ProjectConfigurationPlatforms) = postSolution
		{D1509D6E-D1F6-4F00-9975-D3BBB06AF4DE}.Debug|Any CPU.ActiveCfg = Debug|Any CPU
		{D1509D6E-D1F6-4F00-9975-D3BBB06AF4DE}.Debug|Any CPU.Build.0 = Debug|Any CPU
		{D1509D6E-D1F6-4F00-9975-D3BBB06AF4DE}.Release|Any CPU.ActiveCfg = Release|Any CPU
		{D1509D6E-D1F6-4F00-9975-D3BBB06AF4DE}.Release|Any CPU.Build.0 = Release|Any CPU
	EndGlobalSection
	GlobalSection(SolutionProperties) = preSolution
		HideSolutionNode = FALSE
	EndGlobalSection
	GlobalSection(ExtensibilityGlobals) = postSolution
		SolutionGuid = {3D50D332-6631-49CF-B5E3-B19E9DE33689}
	EndGlobalSection
EndGlobal
