
Microsoft Visual Studio Solution File, Format Version 12.00
# Visual Studio 15
VisualStudioVersion = 15.0.27703.2047
MinimumVisualStudioVersion = 10.0.40219.1
Project("{FAE04EC0-301F-11D3-BF4B-00C04F79EFBC}") = "PHuffProgram1", "PHuffProgram1.csproj", "{06E3B4A9-35EE-49F7-80A1-B8BD1B5D2BE7}"
EndProject
Global
	GlobalSection(SolutionConfigurationPlatforms) = preSolution
		Debug|Any CPU = Debug|Any CPU
		Release|Any CPU = Release|Any CPU
	EndGlobalSection
	GlobalSection(ProjectConfigurationPlatforms) = postSolution
		{06E3B4A9-35EE-49F7-80A1-B8BD1B5D2BE7}.Debug|Any CPU.ActiveCfg = Debug|Any CPU
		{06E3B4A9-35EE-49F7-80A1-B8BD1B5D2BE7}.Debug|Any CPU.Build.0 = Debug|Any CPU
		{06E3B4A9-35EE-49F7-80A1-B8BD1B5D2BE7}.Release|Any CPU.ActiveCfg = Release|Any CPU
		{06E3B4A9-35EE-49F7-80A1-B8BD1B5D2BE7}.Release|Any CPU.Build.0 = Release|Any CPU
	EndGlobalSection
	GlobalSection(SolutionProperties) = preSolution
		HideSolutionNode = FALSE
	EndGlobalSection
	GlobalSection(ExtensibilityGlobals) = postSolution
		SolutionGuid = {ECFB161E-324C-4459-BAC2-46EDF0BD4A8C}
	EndGlobalSection
EndGlobal
